// !$*UTF8*$!
{
	archiveVersion = 1;
	classes = {
	};
	objectVersion = 46;
	objects = {

/* Begin PBXBuildFile section */
		A20268AD1E10BD0B0032A0E3 /* main.m in Sources */ = {isa = PBXBuildFile; fileRef = A20268AC1E10BD0B0032A0E3 /* main.m */; };
		A20268B01E10BD0B0032A0E3 /* AppDelegate.m in Sources */ = {isa = PBXBuildFile; fileRef = A20268AF1E10BD0B0032A0E3 /* AppDelegate.m */; };
		A20268B31E10BD0B0032A0E3 /* ViewController.m in Sources */ = {isa = PBXBuildFile; fileRef = A20268B21E10BD0B0032A0E3 /* ViewController.m */; };
		A20268B61E10BD0B0032A0E3 /* Main.storyboard in Resources */ = {isa = PBXBuildFile; fileRef = A20268B41E10BD0B0032A0E3 /* Main.storyboard */; };
		A20268B81E10BD0B0032A0E3 /* Assets.xcassets in Resources */ = {isa = PBXBuildFile; fileRef = A20268B71E10BD0B0032A0E3 /* Assets.xcassets */; };
		A20268BB1E10BD0B0032A0E3 /* LaunchScreen.storyboard in Resources */ = {isa = PBXBuildFile; fileRef = A20268B91E10BD0B0032A0E3 /* LaunchScreen.storyboard */; };
		A20268C61E10BD0B0032A0E3 /* DatePickerDemoTests.m in Sources */ = {isa = PBXBuildFile; fileRef = A20268C51E10BD0B0032A0E3 /* DatePickerDemoTests.m */; };
		A20268D11E10BD0B0032A0E3 /* DatePickerDemoUITests.m in Sources */ = {isa = PBXBuildFile; fileRef = A20268D01E10BD0B0032A0E3 /* DatePickerDemoUITests.m */; };
		A20268E51E10BD140032A0E3 /* LXKColorChoice.m in Sources */ = {isa = PBXBuildFile; fileRef = A20268E01E10BD140032A0E3 /* LXKColorChoice.m */; };
		A20268E61E10BD140032A0E3 /* LXKDatePickerView.m in Sources */ = {isa = PBXBuildFile; fileRef = A20268E21E10BD140032A0E3 /* LXKDatePickerView.m */; };
		A20268E71E10BD140032A0E3 /* LXKDatePickerForYMDPickerView.m in Sources */ = {isa = PBXBuildFile; fileRef = A20268E41E10BD140032A0E3 /* LXKDatePickerForYMDPickerView.m */; };
/* End PBXBuildFile section */

/* Begin PBXContainerItemProxy section */
		A20268C21E10BD0B0032A0E3 /* PBXContainerItemProxy */ = {
			isa = PBXContainerItemProxy;
			containerPortal = A20268A01E10BD0A0032A0E3 /* Project object */;
			proxyType = 1;
			remoteGlobalIDString = A20268A71E10BD0B0032A0E3;
			remoteInfo = DatePickerDemo;
		};
		A20268CD1E10BD0B0032A0E3 /* PBXContainerItemProxy */ = {
			isa = PBXContainerItemProxy;
			containerPortal = A20268A01E10BD0A0032A0E3 /* Project object */;
			proxyType = 1;
			remoteGlobalIDString = A20268A71E10BD0B0032A0E3;
			remoteInfo = DatePickerDemo;
		};
/* End PBXContainerItemProxy section */

/* Begin PBXFileReference section */
		A20268A81E10BD0B0032A0E3 /* DatePickerDemo.app */ = {isa = PBXFileReference; explicitFileType = wrapper.application; includeInIndex = 0; path = DatePickerDemo.app; sourceTree = BUILT_PRODUCTS_DIR; };
		A20268AC1E10BD0B0032A0E3 /* main.m */ = {isa = PBXFileReference; lastKnownFileType = sourcecode.c.objc; path = main.m; sourceTree = "<group>"; };
		A20268AE1E10BD0B0032A0E3 /* AppDelegate.h */ = {isa = PBXFileReference; lastKnownFileType = sourcecode.c.h; path = AppDelegate.h; sourceTree = "<group>"; };
		A20268AF1E10BD0B0032A0E3 /* AppDelegate.m */ = {isa = PBXFileReference; lastKnownFileType = sourcecode.c.objc; path = AppDelegate.m; sourceTree = "<group>"; };
		A20268B11E10BD0B0032A0E3 /* ViewController.h */ = {isa = PBXFileReference; lastKnownFileType = sourcecode.c.h; path = ViewController.h; sourceTree = "<group>"; };
		A20268B21E10BD0B0032A0E3 /* ViewController.m */ = {isa = PBXFileReference; lastKnownFileType = sourcecode.c.objc; path = ViewController.m; sourceTree = "<group>"; };
		A20268B51E10BD0B0032A0E3 /* Base */ = {isa = PBXFileReference; lastKnownFileType = file.storyboard; name = Base; path = Base.lproj/Main.storyboard; sourceTree = "<group>"; };
		A20268B71E10BD0B0032A0E3 /* Assets.xcassets */ = {isa = PBXFileReference; lastKnownFileType = folder.assetcatalog; path = Assets.xcassets; sourceTree = "<group>"; };
		A20268BA1E10BD0B0032A0E3 /* Base */ = {isa = PBXFileReference; lastKnownFileType = file.storyboard; name = Base; path = Base.lproj/LaunchScreen.storyboard; sourceTree = "<group>"; };
		A20268BC1E10BD0B0032A0E3 /* Info.plist */ = {isa = PBXFileReference; lastKnownFileType = text.plist.xml; path = Info.plist; sourceTree = "<group>"; };
		A20268C11E10BD0B0032A0E3 /* DatePickerDemoTests.xctest */ = {isa = PBXFileReference; explicitFileType = wrapper.cfbundle; includeInIndex = 0; path = DatePickerDemoTests.xctest; sourceTree = BUILT_PRODUCTS_DIR; };
		A20268C51E10BD0B0032A0E3 /* DatePickerDemoTests.m */ = {isa = PBXFileReference; lastKnownFileType = sourcecode.c.objc; path = DatePickerDemoTests.m; sourceTree = "<group>"; };
		A20268C71E10BD0B0032A0E3 /* Info.plist */ = {isa = PBXFileReference; lastKnownFileType = text.plist.xml; path = Info.plist; sourceTree = "<group>"; };
		A20268CC1E10BD0B0032A0E3 /* DatePickerDemoUITests.xctest */ = {isa = PBXFileReference; explicitFileType = wrapper.cfbundle; includeInIndex = 0; path = DatePickerDemoUITests.xctest; sourceTree = BUILT_PRODUCTS_DIR; };
		A20268D01E10BD0B0032A0E3 /* DatePickerDemoUITests.m */ = {isa = PBXFileReference; lastKnownFileType = sourcecode.c.objc; path = DatePickerDemoUITests.m; sourceTree = "<group>"; };
		A20268D21E10BD0B0032A0E3 /* Info.plist */ = {isa = PBXFileReference; lastKnownFileType = text.plist.xml; path = Info.plist; sourceTree = "<group>"; };
		A20268DF1E10BD140032A0E3 /* LXKColorChoice.h */ = {isa = PBXFileReference; fileEncoding = 4; lastKnownFileType = sourcecode.c.h; path = LXKColorChoice.h; sourceTree = "<group>"; };
		A20268E01E10BD140032A0E3 /* LXKColorChoice.m */ = {isa = PBXFileReference; fileEncoding = 4; lastKnownFileType = sourcecode.c.objc; path = LXKColorChoice.m; sourceTree = "<group>"; };
		A20268E11E10BD140032A0E3 /* LXKDatePickerView.h */ = {isa = PBXFileReference; fileEncoding = 4; lastKnownFileType = sourcecode.c.h; path = LXKDatePickerView.h; sourceTree = "<group>"; };
		A20268E21E10BD140032A0E3 /* LXKDatePickerView.m */ = {isa = PBXFileReference; fileEncoding = 4; lastKnownFileType = sourcecode.c.objc; path = LXKDatePickerView.m; sourceTree = "<group>"; };
		A20268E31E10BD140032A0E3 /* LXKDatePickerForYMDView.h */ = {isa = PBXFileReference; fileEncoding = 4; lastKnownFileType = sourcecode.c.h; path = LXKDatePickerForYMDView.h; sourceTree = "<group>"; };
		A20268E41E10BD140032A0E3 /* LXKDatePickerForYMDPickerView.m */ = {isa = PBXFileReference; fileEncoding = 4; lastKnownFileType = sourcecode.c.objc; path = LXKDatePickerForYMDPickerView.m; sourceTree = "<group>"; };
/* End PBXFileReference section */

/* Begin PBXFrameworksBuildPhase section */
		A20268A51E10BD0B0032A0E3 /* Frameworks */ = {
			isa = PBXFrameworksBuildPhase;
			buildActionMask = 2147483647;
			files = (
			);
			runOnlyForDeploymentPostprocessing = 0;
		};
		A20268BE1E10BD0B0032A0E3 /* Frameworks */ = {
			isa = PBXFrameworksBuildPhase;
			buildActionMask = 2147483647;
			files = (
			);
			runOnlyForDeploymentPostprocessing = 0;
		};
		A20268C91E10BD0B0032A0E3 /* Frameworks */ = {
			isa = PBXFrameworksBuildPhase;
			buildActionMask = 2147483647;
			files = (
			);
			runOnlyForDeploymentPostprocessing = 0;
		};
/* End PBXFrameworksBuildPhase section */

/* Begin PBXGroup section */
		A202689F1E10BD0A0032A0E3 = {
			isa = PBXGroup;
			children = (
				A20268AA1E10BD0B0032A0E3 /* DatePickerDemo */,
				A20268C41E10BD0B0032A0E3 /* DatePickerDemoTests */,
				A20268CF1E10BD0B0032A0E3 /* DatePickerDemoUITests */,
				A20268A91E10BD0B0032A0E3 /* Products */,
			);
			sourceTree = "<group>";
		};
		A20268A91E10BD0B0032A0E3 /* Products */ = {
			isa = PBXGroup;
			children = (
				A20268A81E10BD0B0032A0E3 /* DatePickerDemo.app */,
				A20268C11E10BD0B0032A0E3 /* DatePickerDemoTests.xctest */,
				A20268CC1E10BD0B0032A0E3 /* DatePickerDemoUITests.xctest */,
			);
			name = Products;
			sourceTree = "<group>";
		};
		A20268AA1E10BD0B0032A0E3 /* DatePickerDemo */ = {
			isa = PBXGroup;
			children = (
				A20268DE1E10BD140032A0E3 /* datePicker */,
				A20268AE1E10BD0B0032A0E3 /* AppDelegate.h */,
				A20268AF1E10BD0B0032A0E3 /* AppDelegate.m */,
				A20268B11E10BD0B0032A0E3 /* ViewController.h */,
				A20268B21E10BD0B0032A0E3 /* ViewController.m */,
				A20268B41E10BD0B0032A0E3 /* Main.storyboard */,
				A20268B71E10BD0B0032A0E3 /* Assets.xcassets */,
				A20268B91E10BD0B0032A0E3 /* LaunchScreen.storyboard */,
				A20268BC1E10BD0B0032A0E3 /* Info.plist */,
				A20268AB1E10BD0B0032A0E3 /* Supporting Files */,
			);
			path = DatePickerDemo;
			sourceTree = "<group>";
		};
		A20268AB1E10BD0B0032A0E3 /* Supporting Files */ = {
			isa = PBXGroup;
			children = (
				A20268AC1E10BD0B0032A0E3 /* main.m */,
			);
			name = "Supporting Files";
			sourceTree = "<group>";
		};
		A20268C41E10BD0B0032A0E3 /* DatePickerDemoTests */ = {
			isa = PBXGroup;
			children = (
				A20268C51E10BD0B0032A0E3 /* DatePickerDemoTests.m */,
				A20268C71E10BD0B0032A0E3 /* Info.plist */,
			);
			path = DatePickerDemoTests;
			sourceTree = "<group>";
		};
		A20268CF1E10BD0B0032A0E3 /* DatePickerDemoUITests */ = {
			isa = PBXGroup;
			children = (
				A20268D01E10BD0B0032A0E3 /* DatePickerDemoUITests.m */,
				A20268D21E10BD0B0032A0E3 /* Info.plist */,
			);
			path = DatePickerDemoUITests;
			sourceTree = "<group>";
		};
		A20268DE1E10BD140032A0E3 /* datePicker */ = {
			isa = PBXGroup;
			children = (
				A20268DF1E10BD140032A0E3 /* LXKColorChoice.h */,
				A20268E01E10BD140032A0E3 /* LXKColorChoice.m */,
				A20268E11E10BD140032A0E3 /* LXKDatePickerView.h */,
				A20268E21E10BD140032A0E3 /* LXKDatePickerView.m */,
				A20268E31E10BD140032A0E3 /* LXKDatePickerForYMDView.h */,
				A20268E41E10BD140032A0E3 /* LXKDatePickerForYMDPickerView.m */,
			);
			path = datePicker;
			sourceTree = "<group>";
		};
/* End PBXGroup section */

/* Begin PBXNativeTarget section */
		A20268A71E10BD0B0032A0E3 /* DatePickerDemo */ = {
			isa = PBXNativeTarget;
			buildConfigurationList = A20268D51E10BD0B0032A0E3 /* Build configuration list for PBXNativeTarget "DatePickerDemo" */;
			buildPhases = (
				A20268A41E10BD0B0032A0E3 /* Sources */,
				A20268A51E10BD0B0032A0E3 /* Frameworks */,
				A20268A61E10BD0B0032A0E3 /* Resources */,
			);
			buildRules = (
			);
			dependencies = (
			);
			name = DatePickerDemo;
			productName = DatePickerDemo;
			productReference = A20268A81E10BD0B0032A0E3 /* DatePickerDemo.app */;
			productType = "com.apple.product-type.application";
		};
		A20268C01E10BD0B0032A0E3 /* DatePickerDemoTests */ = {
			isa = PBXNativeTarget;
			buildConfigurationList = A20268D81E10BD0B0032A0E3 /* Build configuration list for PBXNativeTarget "DatePickerDemoTests" */;
			buildPhases = (
				A20268BD1E10BD0B0032A0E3 /* Sources */,
				A20268BE1E10BD0B0032A0E3 /* Frameworks */,
				A20268BF1E10BD0B0032A0E3 /* Resources */,
			);
			buildRules = (
			);
			dependencies = (
				A20268C31E10BD0B0032A0E3 /* PBXTargetDependency */,
			);
			name = DatePickerDemoTests;
			productName = DatePickerDemoTests;
			productReference = A20268C11E10BD0B0032A0E3 /* DatePickerDemoTests.xctest */;
			productType = "com.apple.product-type.bundle.unit-test";
		};
		A20268CB1E10BD0B0032A0E3 /* DatePickerDemoUITests */ = {
			isa = PBXNativeTarget;
			buildConfigurationList = A20268DB1E10BD0B0032A0E3 /* Build configuration list for PBXNativeTarget "DatePickerDemoUITests" */;
			buildPhases = (
				A20268C81E10BD0B0032A0E3 /* Sources */,
				A20268C91E10BD0B0032A0E3 /* Frameworks */,
				A20268CA1E10BD0B0032A0E3 /* Resources */,
			);
			buildRules = (
			);
			dependencies = (
				A20268CE1E10BD0B0032A0E3 /* PBXTargetDependency */,
			);
			name = DatePickerDemoUITests;
			productName = DatePickerDemoUITests;
			productReference = A20268CC1E10BD0B0032A0E3 /* DatePickerDemoUITests.xctest */;
			productType = "com.apple.product-type.bundle.ui-testing";
		};
/* End PBXNativeTarget section */

/* Begin PBXProject section */
		A20268A01E10BD0A0032A0E3 /* Project object */ = {
			isa = PBXProject;
			attributes = {
				LastUpgradeCheck = 0820;
				ORGANIZATIONNAME = "保千里";
				TargetAttributes = {
					A20268A71E10BD0B0032A0E3 = {
						CreatedOnToolsVersion = 8.2;
						DevelopmentTeam = 773MXPFL33;
						ProvisioningStyle = Automatic;
					};
					A20268C01E10BD0B0032A0E3 = {
						CreatedOnToolsVersion = 8.2;
						DevelopmentTeam = 773MXPFL33;
						ProvisioningStyle = Automatic;
						TestTargetID = A20268A71E10BD0B0032A0E3;
					};
					A20268CB1E10BD0B0032A0E3 = {
						CreatedOnToolsVersion = 8.2;
						DevelopmentTeam = 773MXPFL33;
						ProvisioningStyle = Automatic;
						TestTargetID = A20268A71E10BD0B0032A0E3;
					};
				};
			};
			buildConfigurationList = A20268A31E10BD0A0032A0E3 /* Build configuration list for PBXProject "DatePickerDemo" */;
			compatibilityVersion = "Xcode 3.2";
			developmentRegion = English;
			hasScannedForEncodings = 0;
			knownRegions = (
				en,
				Base,
			);
			mainGroup = A202689F1E10BD0A0032A0E3;
			productRefGroup = A20268A91E10BD0B0032A0E3 /* Products */;
			projectDirPath = "";
			projectRoot = "";
			targets = (
				A20268A71E10BD0B0032A0E3 /* DatePickerDemo */,
				A20268C01E10BD0B0032A0E3 /* DatePickerDemoTests */,
				A20268CB1E10BD0B0032A0E3 /* DatePickerDemoUITests */,
			);
		};
/* End PBXProject section */

/* Begin PBXResourcesBuildPhase section */
		A20268A61E10BD0B0032A0E3 /* Resources */ = {
			isa = PBXResourcesBuildPhase;
			buildActionMask = 2147483647;
			files = (
				A20268BB1E10BD0B0032A0E3 /* LaunchScreen.storyboard in Resources */,
				A20268B81E10BD0B0032A0E3 /* Assets.xcassets in Resources */,
				A20268B61E10BD0B0032A0E3 /* Main.storyboard in Resources */,
			);
			runOnlyForDeploymentPostprocessing = 0;
		};
		A20268BF1E10BD0B0032A0E3 /* Resources */ = {
			isa = PBXResourcesBuildPhase;
			buildActionMask = 2147483647;
			files = (
			);
			runOnlyForDeploymentPostprocessing = 0;
		};
		A20268CA1E10BD0B0032A0E3 /* Resources */ = {
			isa = PBXResourcesBuildPhase;
			buildActionMask = 2147483647;
			files = (
			);
			runOnlyForDeploymentPostprocessing = 0;
		};
/* End PBXResourcesBuildPhase section */

/* Begin PBXSourcesBuildPhase section */
		A20268A41E10BD0B0032A0E3 /* Sources */ = {
			isa = PBXSourcesBuildPhase;
			buildActionMask = 2147483647;
			files = (
				A20268B31E10BD0B0032A0E3 /* ViewController.m in Sources */,
				A20268B01E10BD0B0032A0E3 /* AppDelegate.m in Sources */,
				A20268E51E10BD140032A0E3 /* LXKColorChoice.m in Sources */,
				A20268AD1E10BD0B0032A0E3 /* main.m in Sources */,
				A20268E71E10BD140032A0E3 /* LXKDatePickerForYMDPickerView.m in Sources */,
				A20268E61E10BD140032A0E3 /* LXKDatePickerView.m in Sources */,
			);
			runOnlyForDeploymentPostprocessing = 0;
		};
		A20268BD1E10BD0B0032A0E3 /* Sources */ = {
			isa = PBXSourcesBuildPhase;
			buildActionMask = 2147483647;
			files = (
				A20268C61E10BD0B0032A0E3 /* DatePickerDemoTests.m in Sources */,
			);
			runOnlyForDeploymentPostprocessing = 0;
		};
		A20268C81E10BD0B0032A0E3 /* Sources */ = {
			isa = PBXSourcesBuildPhase;
			buildActionMask = 2147483647;
			files = (
				A20268D11E10BD0B0032A0E3 /* DatePickerDemoUITests.m in Sources */,
			);
			runOnlyForDeploymentPostprocessing = 0;
		};
/* End PBXSourcesBuildPhase section */

/* Begin PBXTargetDependency section */
		A20268C31E10BD0B0032A0E3 /* PBXTargetDependency */ = {
			isa = PBXTargetDependency;
			target = A20268A71E10BD0B0032A0E3 /* DatePickerDemo */;
			targetProxy = A20268C21E10BD0B0032A0E3 /* PBXContainerItemProxy */;
		};
		A20268CE1E10BD0B0032A0E3 /* PBXTargetDependency */ = {
			isa = PBXTargetDependency;
			target = A20268A71E10BD0B0032A0E3 /* DatePickerDemo */;
			targetProxy = A20268CD1E10BD0B0032A0E3 /* PBXContainerItemProxy */;
		};
/* End PBXTargetDependency section */

/* Begin PBXVariantGroup section */
		A20268B41E10BD0B0032A0E3 /* Main.storyboard */ = {
			isa = PBXVariantGroup;
			children = (
				A20268B51E10BD0B0032A0E3 /* Base */,
			);
			name = Main.storyboard;
			sourceTree = "<group>";
		};
		A20268B91E10BD0B0032A0E3 /* LaunchScreen.storyboard */ = {
			isa = PBXVariantGroup;
			children = (
				A20268BA1E10BD0B0032A0E3 /* Base */,
			);
			name = LaunchScreen.storyboard;
			sourceTree = "<group>";
		};
/* End PBXVariantGroup section */

/* Begin XCBuildConfiguration section */
		A20268D31E10BD0B0032A0E3 /* Debug */ = {
			isa = XCBuildConfiguration;
			buildSettings = {
				ALWAYS_SEARCH_USER_PATHS = NO;
				CLANG_ANALYZER_NONNULL = YES;
				CLANG_CXX_LANGUAGE_STANDARD = "gnu++0x";
				CLANG_CXX_LIBRARY = "libc++";
				CLANG_ENABLE_MODULES = YES;
				CLANG_ENABLE_OBJC_ARC = YES;
				CLANG_WARN_BOOL_CONVERSION = YES;
				CLANG_WARN_CONSTANT_CONVERSION = YES;
				CLANG_WARN_DIRECT_OBJC_ISA_USAGE = YES_ERROR;
				CLANG_WARN_DOCUMENTATION_COMMENTS = YES;
				CLANG_WARN_EMPTY_BODY = YES;
				CLANG_WARN_ENUM_CONVERSION = YES;
				CLANG_WARN_INFINITE_RECURSION = YES;
				CLANG_WARN_INT_CONVERSION = YES;
				CLANG_WARN_OBJC_ROOT_CLASS = YES_ERROR;
				CLANG_WARN_SUSPICIOUS_MOVE = YES;
				CLANG_WARN_UNREACHABLE_CODE = YES;
				CLANG_WARN__DUPLICATE_METHOD_MATCH = YES;
				"CODE_SIGN_IDENTITY[sdk=iphoneos*]" = "iPhone Developer";
				COPY_PHASE_STRIP = NO;
				DEBUG_INFORMATION_FORMAT = dwarf;
				ENABLE_STRICT_OBJC_MSGSEND = YES;
				ENABLE_TESTABILITY = YES;
				GCC_C_LANGUAGE_STANDARD = gnu99;
				GCC_DYNAMIC_NO_PIC = NO;
				GCC_NO_COMMON_BLOCKS = YES;
				GCC_OPTIMIZATION_LEVEL = 0;
				GCC_PREPROCESSOR_DEFINITIONS = (
					"DEBUG=1",
					"$(inherited)",
				);
				GCC_WARN_64_TO_32_BIT_CONVERSION = YES;
				GCC_WARN_ABOUT_RETURN_TYPE = YES_ERROR;
				GCC_WARN_UNDECLARED_SELECTOR = YES;
				GCC_WARN_UNINITIALIZED_AUTOS = YES_AGGRESSIVE;
				GCC_WARN_UNUSED_FUNCTION = YES;
				GCC_WARN_UNUSED_VARIABLE = YES;
				IPHONEOS_DEPLOYMENT_TARGET = 10.2;
				MTL_ENABLE_DEBUG_INFO = YES;
				ONLY_ACTIVE_ARCH = YES;
				SDKROOT = iphoneos;
			};
			name = Debug;
		};
		A20268D41E10BD0B0032A0E3 /* Release */ = {
			isa = XCBuildConfiguration;
			buildSettings = {
				ALWAYS_SEARCH_USER_PATHS = NO;
				CLANG_ANALYZER_NONNULL = YES;
				CLANG_CXX_LANGUAGE_STANDARD = "gnu++0x";
				CLANG_CXX_LIBRARY = "libc++";
				CLANG_ENABLE_MODULES = YES;
				CLANG_ENABLE_OBJC_ARC = YES;
				CLANG_WARN_BOOL_CONVERSION = YES;
				CLANG_WARN_CONSTANT_CONVERSION = YES;
				CLANG_WARN_DIRECT_OBJC_ISA_USAGE = YES_ERROR;
				CLANG_WARN_DOCUMENTATION_COMMENTS = YES;
				CLANG_WARN_EMPTY_BODY = YES;
				CLANG_WARN_ENUM_CONVERSION = YES;
				CLANG_WARN_INFINITE_RECURSION = YES;
				CLANG_WARN_INT_CONVERSION = YES;
				CLANG_WARN_OBJC_ROOT_CLASS = YES_ERROR;
				CLANG_WARN_SUSPICIOUS_MOVE = YES;
				CLANG_WARN_UNREACHABLE_CODE = YES;
				CLANG_WARN__DUPLICATE_METHOD_MATCH = YES;
				"CODE_SIGN_IDENTITY[sdk=iphoneos*]" = "iPhone Developer";
				COPY_PHASE_STRIP = NO;
				DEBUG_INFORMATION_FORMAT = "dwarf-with-dsym";
				ENABLE_NS_ASSERTIONS = NO;
				ENABLE_STRICT_OBJC_MSGSEND = YES;
				GCC_C_LANGUAGE_STANDARD = gnu99;
				GCC_NO_COMMON_BLOCKS = YES;
				GCC_WARN_64_TO_32_BIT_CONVERSION = YES;
				GCC_WARN_ABOUT_RETURN_TYPE = YES_ERROR;
				GCC_WARN_UNDECLARED_SELECTOR = YES;
				GCC_WARN_UNINITIALIZED_AUTOS = YES_AGGRESSIVE;
				GCC_WARN_UNUSED_FUNCTION = YES;
				GCC_WARN_UNUSED_VARIABLE = YES;
				IPHONEOS_DEPLOYMENT_TARGET = 10.2;
				MTL_ENABLE_DEBUG_INFO = NO;
				SDKROOT = iphoneos;
				VALIDATE_PRODUCT = YES;
			};
			name = Release;
		};
		A20268D61E10BD0B0032A0E3 /* Debug */ = {
			isa = XCBuildConfiguration;
			buildSettings = {
				ASSETCATALOG_COMPILER_APPICON_NAME = AppIcon;
				DEVELOPMENT_TEAM = 773MXPFL33;
				INFOPLIST_FILE = DatePickerDemo/Info.plist;
				IPHONEOS_DEPLOYMENT_TARGET = 8.0;
				LD_RUNPATH_SEARCH_PATHS = "$(inherited) @executable_path/Frameworks";
				PRODUCT_BUNDLE_IDENTIFIER = bql.DatePickerDemo;
				PRODUCT_NAME = "$(TARGET_NAME)";
			};
			name = Debug;
		};
		A20268D71E10BD0B0032A0E3 /* Release */ = {
			isa = XCBuildConfiguration;
			buildSettings = {
				ASSETCATALOG_COMPILER_APPICON_NAME = AppIcon;
				DEVELOPMENT_TEAM = 773MXPFL33;
				INFOPLIST_FILE = DatePickerDemo/Info.plist;
				IPHONEOS_DEPLOYMENT_TARGET = 8.0;
				LD_RUNPATH_SEARCH_PATHS = "$(inherited) @executable_path/Frameworks";
				PRODUCT_BUNDLE_IDENTIFIER = bql.DatePickerDemo;
				PRODUCT_NAME = "$(TARGET_NAME)";
			};
			name = Release;
		};
		A20268D91E10BD0B0032A0E3 /* Debug */ = {
			isa = XCBuildConfiguration;
			buildSettings = {
				BUNDLE_LOADER = "$(TEST_HOST)";
				DEVELOPMENT_TEAM = 773MXPFL33;
				INFOPLIST_FILE = DatePickerDemoTests/Info.plist;
				LD_RUNPATH_SEARCH_PATHS = "$(inherited) @executable_path/Frameworks @loader_path/Frameworks";
				PRODUCT_BUNDLE_IDENTIFIER = bql.DatePickerDemoTests;
				PRODUCT_NAME = "$(TARGET_NAME)";
				TEST_HOST = "$(BUILT_PRODUCTS_DIR)/DatePickerDemo.app/DatePickerDemo";
			};
			name = Debug;
		};
		A20268DA1E10BD0B0032A0E3 /* Release */ = {
			isa = XCBuildConfiguration;
			buildSettings = {
				BUNDLE_LOADER = "$(TEST_HOST)";
				DEVELOPMENT_TEAM = 773MXPFL33;
				INFOPLIST_FILE = DatePickerDemoTests/Info.plist;
				LD_RUNPATH_SEARCH_PATHS = "$(inherited) @executable_path/Frameworks @loader_path/Frameworks";
				PRODUCT_BUNDLE_IDENTIFIER = bql.DatePickerDemoTests;
				PRODUCT_NAME = "$(TARGET_NAME)";
				TEST_HOST = "$(BUILT_PRODUCTS_DIR)/DatePickerDemo.app/DatePickerDemo";
			};
			name = Release;
		};
		A20268DC1E10BD0B0032A0E3 /* Debug */ = {
			isa = XCBuildConfiguration;
			buildSettings = {
				DEVELOPMENT_TEAM = 773MXPFL33;
				INFOPLIST_FILE = DatePickerDemoUITests/Info.plist;
				LD_RUNPATH_SEARCH_PATHS = "$(inherited) @executable_path/Frameworks @loader_path/Frameworks";
				PRODUCT_BUNDLE_IDENTIFIER = bql.DatePickerDemoUITests;
				PRODUCT_NAME = "$(TARGET_NAME)";
				TEST_TARGET_NAME = DatePickerDemo;
			};
			name = Debug;
		};
		A20268DD1E10BD0B0032A0E3 /* Release */ = {
			isa = XCBuildConfiguration;
			buildSettings = {
				DEVELOPMENT_TEAM = 773MXPFL33;
				INFOPLIST_FILE = DatePickerDemoUITests/Info.plist;
				LD_RUNPATH_SEARCH_PATHS = "$(inherited) @executable_path/Frameworks @loader_path/Frameworks";
				PRODUCT_BUNDLE_IDENTIFIER = bql.DatePickerDemoUITests;
				PRODUCT_NAME = "$(TARGET_NAME)";
				TEST_TARGET_NAME = DatePickerDemo;
			};
			name = Release;
		};
/* End XCBuildConfiguration section */

/* Begin XCConfigurationList section */
		A20268A31E10BD0A0032A0E3 /* Build configuration list for PBXProject "DatePickerDemo" */ = {
			isa = XCConfigurationList;
			buildConfigurations = (
				A20268D31E10BD0B0032A0E3 /* Debug */,
				A20268D41E10BD0B0032A0E3 /* Release */,
			);
			defaultConfigurationIsVisible = 0;
			defaultConfigurationName = Release;
		};
		A20268D51E10BD0B0032A0E3 /* Build configuration list for PBXNativeTarget "DatePickerDemo" */ = {
			isa = XCConfigurationList;
			buildConfigurations = (
				A20268D61E10BD0B0032A0E3 /* Debug */,
				A20268D71E10BD0B0032A0E3 /* Release */,
			);
			defaultConfigurationIsVisible = 0;
		};
		A20268D81E10BD0B0032A0E3 /* Build configuration list for PBXNativeTarget "DatePickerDemoTests" */ = {
			isa = XCConfigurationList;
			buildConfigurations = (
				A20268D91E10BD0B0032A0E3 /* Debug */,
				A20268DA1E10BD0B0032A0E3 /* Release */,
			);
			defaultConfigurationIsVisible = 0;
		};
		A20268DB1E10BD0B0032A0E3 /* Build configuration list for PBXNativeTarget "DatePickerDemoUITests" */ = {
			isa = XCConfigurationList;
			buildConfigurations = (
				A20268DC1E10BD0B0032A0E3 /* Debug */,
				A20268DD1E10BD0B0032A0E3 /* Release */,
			);
			defaultConfigurationIsVisible = 0;
		};
/* End XCConfigurationList section */
	};
	rootObject = A20268A01E10BD0A0032A0E3 /* Project object */;
}
